{
  "version": 1,
  "dependencies": {
    "net10.0": {
      "Microsoft.AspNetCore.Authentication.OpenIdConnect": {
        "type": "Direct",
        "requested": "[10.0.9, )",
        "resolved": "10.0.9",
        "contentHash": "Xvmxf86pKWHk9aSdqIQP7ao4qTLsYoiYgtbe75YP2aSCdGY4EHjaWOD0IWVR4/wcukrdj6DfqJRtVniUXSr5Nw==",
        "dependencies": {
          "Microsoft.IdentityModel.Protocols.OpenIdConnect": "8.0.1"
        }
      },
      "Microsoft.Web.LibraryManager.Build": {
        "type": "Direct",
        "requested": "[3.0.114, )",
        "resolved": "3.0.114",
        "contentHash": "9E7B1ixZR2to7ZTPZKIcTfQwGKuBu11F7tFykmi2X+icjTy6bJY9N/LLJ9tAW7PhaAmgM15o3t7P9aBg0kbUxw=="
      },
      "DocX": {
        "type": "Transitive",
        "resolved": "5.2.0",
        "contentHash": "BNo3gAaDp01yx7DbM5pehmFv98TvdqfyxqtZUFo6HlGDeRJzn9JXB+UN26EmFukyOnLw1fC+8SLh660wBNpsCw==",
        "dependencies": {
          "SkiaSharp": "2.88.8",
          "System.IO.Packaging": "4.5.0"
        }
      },
      "ExcelDataReader": {
        "type": "Transitive",
        "resolved": "3.9.0",
        "contentHash": "3lEkUzG67UWPYj/xlX5Hua3MeQQktnK0B7WGzDjLpdJpBtct7szX0E4WB3Kl6C/8bNnbkyT2eO0FSPV+9CCemw=="
      },
      "ExcelDataReader.DataSet": {
        "type": "Transitive",
        "resolved": "3.9.0",
        "contentHash": "rOKCpr289dVorML/TK6vdWe8fLeWxFeqlzTYBnbi0Kz0nQ59vlQL4VozI3PcCOUWb8xVpB21g+Wiyp7zZG/OOQ==",
        "dependencies": {
          "ExcelDataReader": "3.9.0"
        }
      },
      "Microsoft.IdentityModel.Abstractions": {
        "type": "Transitive",
        "resolved": "8.0.1",
        "contentHash": "OtlIWcyX01olfdevPKZdIPfBEvbcioDyBiE/Z2lHsopsMD7twcKtlN9kMevHmI5IIPhFpfwCIiR6qHQz1WHUIw=="
      },
      "Microsoft.IdentityModel.JsonWebTokens": {
        "type": "Transitive",
        "resolved": "8.0.1",
        "contentHash": "s6++gF9x0rQApQzOBbSyp4jUaAlwm+DroKfL8gdOHxs83k8SJfUXhuc46rDB3rNXBQ1MVRxqKUrqFhO/M0E97g==",
        "dependencies": {
          "Microsoft.IdentityModel.Tokens": "8.0.1"
        }
      },
      "Microsoft.IdentityModel.Logging": {
        "type": "Transitive",
        "resolved": "8.0.1",
        "contentHash": "UCPF2exZqBXe7v/6sGNiM6zCQOUXXQ9+v5VTb9gPB8ZSUPnX53BxlN78v2jsbIvK9Dq4GovQxo23x8JgWvm/Qg==",
        "dependencies": {
          "Microsoft.IdentityModel.Abstractions": "8.0.1"
        }
      },
      "Microsoft.IdentityModel.Protocols": {
        "type": "Transitive",
        "resolved": "8.0.1",
        "contentHash": "uA2vpKqU3I2mBBEaeJAWPTjT9v1TZrGWKdgK6G5qJd03CLx83kdiqO9cmiK8/n1erkHzFBwU/RphP83aAe3i3g==",
        "dependencies": {
          "Microsoft.IdentityModel.Tokens": "8.0.1"
        }
      },
      "Microsoft.IdentityModel.Protocols.OpenIdConnect": {
        "type": "Transitive",
        "resolved": "8.0.1",
        "contentHash": "AQDbfpL+yzuuGhO/mQhKNsp44pm5Jv8/BI4KiFXR7beVGZoSH35zMV3PrmcfvSTsyI6qrcR898NzUauD6SRigg==",
        "dependencies": {
          "Microsoft.IdentityModel.Protocols": "8.0.1",
          "System.IdentityModel.Tokens.Jwt": "8.0.1"
        }
      },
      "Microsoft.IdentityModel.Tokens": {
        "type": "Transitive",
        "resolved": "8.0.1",
        "contentHash": "kDimB6Dkd3nkW2oZPDkMkVHfQt3IDqO5gL0oa8WVy3OP4uE8Ij+8TXnqg9TOd9ufjsY3IDiGz7pCUbnfL18tjg==",
        "dependencies": {
          "Microsoft.IdentityModel.Logging": "8.0.1"
        }
      },
      "SkiaSharp": {
        "type": "Transitive",
        "resolved": "2.88.8",
        "contentHash": "bRkp3uKp5ZI8gXYQT57uKwil1uobb2p8c69n7v5evlB/2JNcMAXVcw9DZAP5Ig3WSvgzGm2YSn27UVeOi05NlA==",
        "dependencies": {
          "SkiaSharp.NativeAssets.Win32": "2.88.8",
          "SkiaSharp.NativeAssets.macOS": "2.88.8"
        }
      },
      "SkiaSharp.NativeAssets.macOS": {
        "type": "Transitive",
        "resolved": "2.88.8",
        "contentHash": "6Kn5TSkKlfyS6azWHF3Jk2sW5C4jCE5uSshM/5AbfFrR+5n6qM5XEnz9h4VaVl7LTxBvHvMkuPb/3bpbq0vxTw=="
      },
      "SkiaSharp.NativeAssets.Win32": {
        "type": "Transitive",
        "resolved": "2.88.8",
        "contentHash": "O9QXoWEXA+6cweR4h3BOnwMz+pO9vL9mXdjLrpDd0w1QzCgWmLQBxa1VgySDITiH7nQndrDG1h6937zm9pLj1Q=="
      },
      "System.IdentityModel.Tokens.Jwt": {
        "type": "Transitive",
        "resolved": "8.0.1",
        "contentHash": "GJw3bYkWpOgvN3tJo5X4lYUeIFA2HD293FPUhKmp7qxS+g5ywAb34Dnd3cDAFLkcMohy5XTpoaZ4uAHuw0uSPQ==",
        "dependencies": {
          "Microsoft.IdentityModel.JsonWebTokens": "8.0.1",
          "Microsoft.IdentityModel.Tokens": "8.0.1"
        }
      },
      "System.IO.Packaging": {
        "type": "Transitive",
        "resolved": "4.5.0",
        "contentHash": "OjtW5pGp1E7KE3ontBrzy+nSFJCM6pcbVDdo3gg4DauTfdtZKdeKvMVlADF4fSY+OfXWUp4qCvOSxIltt37LbA=="
      },
      "rfcbuddy.app": {
        "type": "Project",
        "dependencies": {
          "DocX": "[5.2.0, )",
          "ExcelDataReader": "[3.9.0, )",
          "ExcelDataReader.DataSet": "[3.9.0, )"
        }
      }
    }
  }
}